
Microsoft Visual Studio Solution File, Format Version 12.00
# Visual Studio Version 16
VisualStudioVersion = 16.0.31829.152
MinimumVisualStudioVersion = 10.0.40219.1
Project("{FAE04EC0-301F-11D3-BF4B-00C04F79EFBC}") = "testProject", "testProject.csproj", "{2B21D416-058A-41E5-BF50-303A96C173A2}"
EndProject
Global
	GlobalSection(SolutionConfigurationPlatforms) = preSolution
		Debug|Any CPU = Debug|Any CPU
		Release|Any CPU = Release|Any CPU
	EndGlobalSection
	GlobalSection(ProjectConfigurationPlatforms) = postSolution
		{2B21D416-058A-41E5-BF50-303A96C173A2}.Debug|Any CPU.ActiveCfg = Debug|Any CPU
		{2B21D416-058A-41E5-BF50-303A96C173A2}.Debug|Any CPU.Build.0 = Debug|Any CPU
		{2B21D416-058A-41E5-BF50-303A96C173A2}.Release|Any CPU.ActiveCfg = Release|Any CPU
		{2B21D416-058A-41E5-BF50-303A96C173A2}.Release|Any CPU.Build.0 = Release|Any CPU
	EndGlobalSection
	GlobalSection(SolutionProperties) = preSolution
		HideSolutionNode = FALSE
	EndGlobalSection
	GlobalSection(ExtensibilityGlobals) = postSolution
		SolutionGuid = {200241EB-9F83-4573-9F5E-53C3A57719E0}
	EndGlobalSection
EndGlobal
